
Microsoft Visual Studio Solution File, Format Version 12.00
# Visual Studio Version 17
VisualStudioVersion = 17.8.34316.72
MinimumVisualStudioVersion = 10.0.40219.1
Project("{FAE04EC0-301F-11D3-BF4B-00C04F79EFBC}") = "MvcInterserver", "MvcInterserver\MvcInterserver.csproj", "{1B534EE7-4A3D-4704-A01F-AF0085FA3AA4}"
EndProject
Global
	GlobalSection(SolutionConfigurationPlatforms) = preSolution
		Debug|Any CPU = Debug|Any CPU
		Release|Any CPU = Release|Any CPU
	EndGlobalSection
	GlobalSection(ProjectConfigurationPlatforms) = postSolution
		{1B534EE7-4A3D-4704-A01F-AF0085FA3AA4}.Debug|Any CPU.ActiveCfg = Debug|Any CPU
		{1B534EE7-4A3D-4704-A01F-AF0085FA3AA4}.Debug|Any CPU.Build.0 = Debug|Any CPU
		{1B534EE7-4A3D-4704-A01F-AF0085FA3AA4}.Release|Any CPU.ActiveCfg = Release|Any CPU
		{1B534EE7-4A3D-4704-A01F-AF0085FA3AA4}.Release|Any CPU.Build.0 = Release|Any CPU
	EndGlobalSection
	GlobalSection(SolutionProperties) = preSolution
		HideSolutionNode = FALSE
	EndGlobalSection
	GlobalSection(ExtensibilityGlobals) = postSolution
		SolutionGuid = {56883F98-A617-4F7A-947B-E8E4B1258864}
	EndGlobalSection
EndGlobal
